
Microsoft Visual Studio Solution File, Format Version 12.00
# Visual Studio Version 17
VisualStudioVersion = 17.0.31903.59
MinimumVisualStudioVersion = 10.0.40219.1
Project("{2150E333-8FDC-42A3-9474-1A3956D46DE8}") = "src", "src", "{827E0CD3-B72D-47B6-A68D-7590B98EB39B}"
EndProject
Project("{FAE04EC0-301F-11D3-BF4B-00C04F79EFBC}") = "Inventory.Api", "src\Inventory.Api\Inventory.Api.csproj", "{50B47130-1223-43F5-A423-D5880154009A}"
EndProject
Project("{FAE04EC0-301F-11D3-BF4B-00C04F79EFBC}") = "Inventory.LoadTestClient", "src\Inventory.LoadTestClient\Inventory.LoadTestClient.csproj", "{B0A34D17-0C87-4991-B1D3-C2BABBB5F52F}"
EndProject
Project("{FAE04EC0-301F-11D3-BF4B-00C04F79EFBC}") = "Inventory.ConcurrencyTests", "tests\Inventory.ConcurrencyTests\Inventory.ConcurrencyTests.csproj", "{1289E8E5-20AF-44A0-918E-D1255CF87B25}"
EndProject
Global
	GlobalSection(SolutionConfigurationPlatforms) = preSolution
		Debug|Any CPU = Debug|Any CPU
		Debug|x64 = Debug|x64
		Debug|x86 = Debug|x86
		Release|Any CPU = Release|Any CPU
		Release|x64 = Release|x64
		Release|x86 = Release|x86
	EndGlobalSection
	GlobalSection(ProjectConfigurationPlatforms) = postSolution
		{50B47130-1223-43F5-A423-D5880154009A}.Debug|Any CPU.ActiveCfg = Debug|Any CPU
		{50B47130-1223-43F5-A423-D5880154009A}.Debug|Any CPU.Build.0 = Debug|Any CPU
		{50B47130-1223-43F5-A423-D5880154009A}.Debug|x64.ActiveCfg = Debug|Any CPU
		{50B47130-1223-43F5-A423-D5880154009A}.Debug|x64.Build.0 = Debug|Any CPU
		{50B47130-1223-43F5-A423-D5880154009A}.Debug|x86.ActiveCfg = Debug|Any CPU
		{50B47130-1223-43F5-A423-D5880154009A}.Debug|x86.Build.0 = Debug|Any CPU
		{50B47130-1223-43F5-A423-D5880154009A}.Release|Any CPU.ActiveCfg = Release|Any CPU
		{50B47130-1223-43F5-A423-D5880154009A}.Release|Any CPU.Build.0 = Release|Any CPU
		{50B47130-1223-43F5-A423-D5880154009A}.Release|x64.ActiveCfg = Release|Any CPU
		{50B47130-1223-43F5-A423-D5880154009A}.Release|x64.Build.0 = Release|Any CPU
		{50B47130-1223-43F5-A423-D5880154009A}.Release|x86.ActiveCfg = Release|Any CPU
		{50B47130-1223-43F5-A423-D5880154009A}.Release|x86.Build.0 = Release|Any CPU
		{B0A34D17-0C87-4991-B1D3-C2BABBB5F52F}.Debug|Any CPU.ActiveCfg = Debug|Any CPU
		{B0A34D17-0C87-4991-B1D3-C2BABBB5F52F}.Debug|Any CPU.Build.0 = Debug|Any CPU
		{B0A34D17-0C87-4991-B1D3-C2BABBB5F52F}.Debug|x64.ActiveCfg = Debug|Any CPU
		{B0A34D17-0C87-4991-B1D3-C2BABBB5F52F}.Debug|x64.Build.0 = Debug|Any CPU
		{B0A34D17-0C87-4991-B1D3-C2BABBB5F52F}.Debug|x86.ActiveCfg = Debug|Any CPU
		{B0A34D17-0C87-4991-B1D3-C2BABBB5F52F}.Debug|x86.Build.0 = Debug|Any CPU
		{B0A34D17-0C87-4991-B1D3-C2BABBB5F52F}.Release|Any CPU.ActiveCfg = Release|Any CPU
		{B0A34D17-0C87-4991-B1D3-C2BABBB5F52F}.Release|Any CPU.Build.0 = Release|Any CPU
		{B0A34D17-0C87-4991-B1D3-C2BABBB5F52F}.Release|x64.ActiveCfg = Release|Any CPU
		{B0A34D17-0C87-4991-B1D3-C2BABBB5F52F}.Release|x64.Build.0 = Release|Any CPU
		{B0A34D17-0C87-4991-B1D3-C2BABBB5F52F}.Release|x86.ActiveCfg = Release|Any CPU
		{B0A34D17-0C87-4991-B1D3-C2BABBB5F52F}.Release|x86.Build.0 = Release|Any CPU
		{1289E8E5-20AF-44A0-918E-D1255CF87B25}.Debug|Any CPU.ActiveCfg = Debug|Any CPU
		{1289E8E5-20AF-44A0-918E-D1255CF87B25}.Debug|Any CPU.Build.0 = Debug|Any CPU
		{1289E8E5-20AF-44A0-918E-D1255CF87B25}.Debug|x64.ActiveCfg = Debug|Any CPU
		{1289E8E5-20AF-44A0-918E-D1255CF87B25}.Debug|x64.Build.0 = Debug|Any CPU
		{1289E8E5-20AF-44A0-918E-D1255CF87B25}.Debug|x86.ActiveCfg = Debug|Any CPU
		{1289E8E5-20AF-44A0-918E-D1255CF87B25}.Debug|x86.Build.0 = Debug|Any CPU
		{1289E8E5-20AF-44A0-918E-D1255CF87B25}.Release|Any CPU.ActiveCfg = Release|Any CPU
		{1289E8E5-20AF-44A0-918E-D1255CF87B25}.Release|Any CPU.Build.0 = Release|Any CPU
		{1289E8E5-20AF-44A0-918E-D1255CF87B25}.Release|x64.ActiveCfg = Release|Any CPU
		{1289E8E5-20AF-44A0-918E-D1255CF87B25}.Release|x64.Build.0 = Release|Any CPU
		{1289E8E5-20AF-44A0-918E-D1255CF87B25}.Release|x86.ActiveCfg = Release|Any CPU
		{1289E8E5-20AF-44A0-918E-D1255CF87B25}.Release|x86.Build.0 = Release|Any CPU
	EndGlobalSection
	GlobalSection(SolutionProperties) = preSolution
		HideSolutionNode = FALSE
	EndGlobalSection
	GlobalSection(NestedProjects) = preSolution
		{50B47130-1223-43F5-A423-D5880154009A} = {827E0CD3-B72D-47B6-A68D-7590B98EB39B}
		{B0A34D17-0C87-4991-B1D3-C2BABBB5F52F} = {827E0CD3-B72D-47B6-A68D-7590B98EB39B}
		{1289E8E5-20AF-44A0-918E-D1255CF87B25} = {827E0CD3-B72D-47B6-A68D-7590B98EB39B}
	EndGlobalSection
EndGlobal
